// !$*UTF8*$!
{
	archiveVersion = 1;
	classes = {
	};
	objectVersion = 56;
	objects = {

/* Begin PBXBuildFile section */
		A560AF332B2322360034A50F /* BioAuthApp.swift in Sources */ = {isa = PBXBuildFile; fileRef = A560AF322B2322360034A50F /* BioAuthApp.swift */; };
		A560AF352B2322360034A50F /* ContentView.swift in Sources */ = {isa = PBXBuildFile; fileRef = A560AF342B2322360034A50F /* ContentView.swift */; };
		A560AF372B2322360034A50F /* Assets.xcassets in Resources */ = {isa = PBXBuildFile; fileRef = A560AF362B2322360034A50F /* Assets.xcassets */; };
		A560AF3B2B2322360034A50F /* Preview Assets.xcassets in Resources */ = {isa = PBXBuildFile; fileRef = A560AF3A2B2322360034A50F /* Preview Assets.xcassets */; };
		A560AF452B2322370034A50F /* BioAuthTests.swift in Sources */ = {isa = PBXBuildFile; fileRef = A560AF442B2322370034A50F /* BioAuthTests.swift */; };
		A560AF4F2B2322370034A50F /* BioAuthUITests.swift in Sources */ = {isa = PBXBuildFile; fileRef = A560AF4E2B2322370034A50F /* BioAuthUITests.swift */; };
		A560AF512B2322370034A50F /* BioAuthUITestsLaunchTests.swift in Sources */ = {isa = PBXBuildFile; fileRef = A560AF502B2322370034A50F /* BioAuthUITestsLaunchTests.swift */; };
/* End PBXBuildFile section */

/* Begin PBXContainerItemProxy section */
		A560AF412B2322370034A50F /* PBXContainerItemProxy */ = {
			isa = PBXContainerItemProxy;
			containerPortal = A560AF272B2322360034A50F /* Project object */;
			proxyType = 1;
			remoteGlobalIDString = A560AF2E2B2322360034A50F;
			remoteInfo = BioAuth;
		};
		A560AF4B2B2322370034A50F /* PBXContainerItemProxy */ = {
			isa = PBXContainerItemProxy;
			containerPortal = A560AF272B2322360034A50F /* Project object */;
			proxyType = 1;
			remoteGlobalIDString = A560AF2E2B2322360034A50F;
			remoteInfo = BioAuth;
		};
/* End PBXContainerItemProxy section */

/* Begin PBXFileReference section */
		A560AF2F2B2322360034A50F /* BioAuth.app */ = {isa = PBXFileReference; explicitFileType = wrapper.application; includeInIndex = 0; path = BioAuth.app; sourceTree = BUILT_PRODUCTS_DIR; };
		A560AF322B2322360034A50F /* BioAuthApp.swift */ = {isa = PBXFileReference; lastKnownFileType = sourcecode.swift; path = BioAuthApp.swift; sourceTree = "<group>"; };
		A560AF342B2322360034A50F /* ContentView.swift */ = {isa = PBXFileReference; lastKnownFileType = sourcecode.swift; path = ContentView.swift; sourceTree = "<group>"; };
		A560AF362B2322360034A50F /* Assets.xcassets */ = {isa = PBXFileReference; lastKnownFileType = folder.assetcatalog; path = Assets.xcassets; sourceTree = "<group>"; };
		A560AF382B2322360034A50F /* BioAuth.entitlements */ = {isa = PBXFileReference; lastKnownFileType = text.plist.entitlements; path = BioAuth.entitlements; sourceTree = "<group>"; };
		A560AF3A2B2322360034A50F /* Preview Assets.xcassets */ = {isa = PBXFileReference; lastKnownFileType = folder.assetcatalog; path = "Preview Assets.xcassets"; sourceTree = "<group>"; };
		A560AF402B2322370034A50F /* BioAuthTests.xctest */ = {isa = PBXFileReference; explicitFileType = wrapper.cfbundle; includeInIndex = 0; path = BioAuthTests.xctest; sourceTree = BUILT_PRODUCTS_DIR; };
		A560AF442B2322370034A50F /* BioAuthTests.swift */ = {isa = PBXFileReference; lastKnownFileType = sourcecode.swift; path = BioAuthTests.swift; sourceTree = "<group>"; };
		A560AF4A2B2322370034A50F /* BioAuthUITests.xctest */ = {isa = PBXFileReference; explicitFileType = wrapper.cfbundle; includeInIndex = 0; path = BioAuthUITests.xctest; sourceTree = BUILT_PRODUCTS_DIR; };
		A560AF4E2B2322370034A50F /* BioAuthUITests.swift */ = {isa = PBXFileReference; lastKnownFileType = sourcecode.swift; path = BioAuthUITests.swift; sourceTree = "<group>"; };
		A560AF502B2322370034A50F /* BioAuthUITestsLaunchTests.swift */ = {isa = PBXFileReference; lastKnownFileType = sourcecode.swift; path = BioAuthUITestsLaunchTests.swift; sourceTree = "<group>"; };
/* End PBXFileReference section */

/* Begin PBXFrameworksBuildPhase section */
		A560AF2C2B2322360034A50F /* Frameworks */ = {
			isa = PBXFrameworksBuildPhase;
			buildActionMask = 2147483647;
			files = (
			);
			runOnlyForDeploymentPostprocessing = 0;
		};
		A560AF3D2B2322370034A50F /* Frameworks */ = {
			isa = PBXFrameworksBuildPhase;
			buildActionMask = 2147483647;
			files = (
			);
			runOnlyForDeploymentPostprocessing = 0;
		};
		A560AF472B2322370034A50F /* Frameworks */ = {
			isa = PBXFrameworksBuildPhase;
			buildActionMask = 2147483647;
			files = (
			);
			runOnlyForDeploymentPostprocessing = 0;
		};
/* End PBXFrameworksBuildPhase section */

/* Begin PBXGroup section */
		A560AF262B2322360034A50F = {
			isa = PBXGroup;
			children = (
				A560AF312B2322360034A50F /* BioAuth */,
				A560AF432B2322370034A50F /* BioAuthTests */,
				A560AF4D2B2322370034A50F /* BioAuthUITests */,
				A560AF302B2322360034A50F /* Products */,
			);
			sourceTree = "<group>";
		};
		A560AF302B2322360034A50F /* Products */ = {
			isa = PBXGroup;
			children = (
				A560AF2F2B2322360034A50F /* BioAuth.app */,
				A560AF402B2322370034A50F /* BioAuthTests.xctest */,
				A560AF4A2B2322370034A50F /* BioAuthUITests.xctest */,
			);
			name = Products;
			sourceTree = "<group>";
		};
		A560AF312B2322360034A50F /* BioAuth */ = {
			isa = PBXGroup;
			children = (
				A560AF322B2322360034A50F /* BioAuthApp.swift */,
				A560AF342B2322360034A50F /* ContentView.swift */,
				A560AF362B2322360034A50F /* Assets.xcassets */,
				A560AF382B2322360034A50F /* BioAuth.entitlements */,
				A560AF392B2322360034A50F /* Preview Content */,
			);
			path = BioAuth;
			sourceTree = "<group>";
		};
		A560AF392B2322360034A50F /* Preview Content */ = {
			isa = PBXGroup;
			children = (
				A560AF3A2B2322360034A50F /* Preview Assets.xcassets */,
			);
			path = "Preview Content";
			sourceTree = "<group>";
		};
		A560AF432B2322370034A50F /* BioAuthTests */ = {
			isa = PBXGroup;
			children = (
				A560AF442B2322370034A50F /* BioAuthTests.swift */,
			);
			path = BioAuthTests;
			sourceTree = "<group>";
		};
		A560AF4D2B2322370034A50F /* BioAuthUITests */ = {
			isa = PBXGroup;
			children = (
				A560AF4E2B2322370034A50F /* BioAuthUITests.swift */,
				A560AF502B2322370034A50F /* BioAuthUITestsLaunchTests.swift */,
			);
			path = BioAuthUITests;
			sourceTree = "<group>";
		};
/* End PBXGroup section */

/* Begin PBXNativeTarget section */
		A560AF2E2B2322360034A50F /* BioAuth */ = {
			isa = PBXNativeTarget;
			buildConfigurationList = A560AF542B2322370034A50F /* Build configuration list for PBXNativeTarget "BioAuth" */;
			buildPhases = (
				A560AF2B2B2322360034A50F /* Sources */,
				A560AF2C2B2322360034A50F /* Frameworks */,
				A560AF2D2B2322360034A50F /* Resources */,
			);
			buildRules = (
			);
			dependencies = (
			);
			name = BioAuth;
			productName = BioAuth;
			productReference = A560AF2F2B2322360034A50F /* BioAuth.app */;
			productType = "com.apple.product-type.application";
		};
		A560AF3F2B2322370034A50F /* BioAuthTests */ = {
			isa = PBXNativeTarget;
			buildConfigurationList = A560AF572B2322370034A50F /* Build configuration list for PBXNativeTarget "BioAuthTests" */;
			buildPhases = (
				A560AF3C2B2322370034A50F /* Sources */,
				A560AF3D2B2322370034A50F /* Frameworks */,
				A560AF3E2B2322370034A50F /* Resources */,
			);
			buildRules = (
			);
			dependencies = (
				A560AF422B2322370034A50F /* PBXTargetDependency */,
			);
			name = BioAuthTests;
			productName = BioAuthTests;
			productReference = A560AF402B2322370034A50F /* BioAuthTests.xctest */;
			productType = "com.apple.product-type.bundle.unit-test";
		};
		A560AF492B2322370034A50F /* BioAuthUITests */ = {
			isa = PBXNativeTarget;
			buildConfigurationList = A560AF5A2B2322370034A50F /* Build configuration list for PBXNativeTarget "BioAuthUITests" */;
			buildPhases = (
				A560AF462B2322370034A50F /* Sources */,
				A560AF472B2322370034A50F /* Frameworks */,
				A560AF482B2322370034A50F /* Resources */,
			);
			buildRules = (
			);
			dependencies = (
				A560AF4C2B2322370034A50F /* PBXTargetDependency */,
			);
			name = BioAuthUITests;
			productName = BioAuthUITests;
			productReference = A560AF4A2B2322370034A50F /* BioAuthUITests.xctest */;
			productType = "com.apple.product-type.bundle.ui-testing";
		};
/* End PBXNativeTarget section */

/* Begin PBXProject section */
		A560AF272B2322360034A50F /* Project object */ = {
			isa = PBXProject;
			attributes = {
				BuildIndependentTargetsInParallel = 1;
				LastSwiftUpdateCheck = 1410;
				LastUpgradeCheck = 1410;
				TargetAttributes = {
					A560AF2E2B2322360034A50F = {
						CreatedOnToolsVersion = 14.1;
					};
					A560AF3F2B2322370034A50F = {
						CreatedOnToolsVersion = 14.1;
						TestTargetID = A560AF2E2B2322360034A50F;
					};
					A560AF492B2322370034A50F = {
						CreatedOnToolsVersion = 14.1;
						TestTargetID = A560AF2E2B2322360034A50F;
					};
				};
			};
			buildConfigurationList = A560AF2A2B2322360034A50F /* Build configuration list for PBXProject "BioAuth" */;
			compatibilityVersion = "Xcode 14.0";
			developmentRegion = en;
			hasScannedForEncodings = 0;
			knownRegions = (
				en,
				Base,
			);
			mainGroup = A560AF262B2322360034A50F;
			productRefGroup = A560AF302B2322360034A50F /* Products */;
			projectDirPath = "";
			projectRoot = "";
			targets = (
				A560AF2E2B2322360034A50F /* BioAuth */,
				A560AF3F2B2322370034A50F /* BioAuthTests */,
				A560AF492B2322370034A50F /* BioAuthUITests */,
			);
		};
/* End PBXProject section */

/* Begin PBXResourcesBuildPhase section */
		A560AF2D2B2322360034A50F /* Resources */ = {
			isa = PBXResourcesBuildPhase;
			buildActionMask = 2147483647;
			files = (
				A560AF3B2B2322360034A50F /* Preview Assets.xcassets in Resources */,
				A560AF372B2322360034A50F /* Assets.xcassets in Resources */,
			);
			runOnlyForDeploymentPostprocessing = 0;
		};
		A560AF3E2B2322370034A50F /* Resources */ = {
			isa = PBXResourcesBuildPhase;
			buildActionMask = 2147483647;
			files = (
			);
			runOnlyForDeploymentPostprocessing = 0;
		};
		A560AF482B2322370034A50F /* Resources */ = {
			isa = PBXResourcesBuildPhase;
			buildActionMask = 2147483647;
			files = (
			);
			runOnlyForDeploymentPostprocessing = 0;
		};
/* End PBXResourcesBuildPhase section */

/* Begin PBXSourcesBuildPhase section */
		A560AF2B2B2322360034A50F /* Sources */ = {
			isa = PBXSourcesBuildPhase;
			buildActionMask = 2147483647;
			files = (
				A560AF352B2322360034A50F /* ContentView.swift in Sources */,
				A560AF332B2322360034A50F /* BioAuthApp.swift in Sources */,
			);
			runOnlyForDeploymentPostprocessing = 0;
		};
		A560AF3C2B2322370034A50F /* Sources */ = {
			isa = PBXSourcesBuildPhase;
			buildActionMask = 2147483647;
			files = (
				A560AF452B2322370034A50F /* BioAuthTests.swift in Sources */,
			);
			runOnlyForDeploymentPostprocessing = 0;
		};
		A560AF462B2322370034A50F /* Sources */ = {
			isa = PBXSourcesBuildPhase;
			buildActionMask = 2147483647;
			files = (
				A560AF4F2B2322370034A50F /* BioAuthUITests.swift in Sources */,
				A560AF512B2322370034A50F /* BioAuthUITestsLaunchTests.swift in Sources */,
			);
			runOnlyForDeploymentPostprocessing = 0;
		};
/* End PBXSourcesBuildPhase section */

/* Begin PBXTargetDependency section */
		A560AF422B2322370034A50F /* PBXTargetDependency */ = {
			isa = PBXTargetDependency;
			target = A560AF2E2B2322360034A50F /* BioAuth */;
			targetProxy = A560AF412B2322370034A50F /* PBXContainerItemProxy */;
		};
		A560AF4C2B2322370034A50F /* PBXTargetDependency */ = {
			isa = PBXTargetDependency;
			target = A560AF2E2B2322360034A50F /* BioAuth */;
			targetProxy = A560AF4B2B2322370034A50F /* PBXContainerItemProxy */;
		};
/* End PBXTargetDependency section */

/* Begin XCBuildConfiguration section */
		A560AF522B2322370034A50F /* Debug */ = {
			isa = XCBuildConfiguration;
			buildSettings = {
				ALWAYS_SEARCH_USER_PATHS = NO;
				CLANG_ANALYZER_NONNULL = YES;
				CLANG_ANALYZER_NUMBER_OBJECT_CONVERSION = YES_AGGRESSIVE;
				CLANG_CXX_LANGUAGE_STANDARD = "gnu++20";
				CLANG_ENABLE_MODULES = YES;
				CLANG_ENABLE_OBJC_ARC = YES;
				CLANG_ENABLE_OBJC_WEAK = YES;
				CLANG_WARN_BLOCK_CAPTURE_AUTORELEASING = YES;
				CLANG_WARN_BOOL_CONVERSION = YES;
				CLANG_WARN_COMMA = YES;
				CLANG_WARN_CONSTANT_CONVERSION = YES;
				CLANG_WARN_DEPRECATED_OBJC_IMPLEMENTATIONS = YES;
				CLANG_WARN_DIRECT_OBJC_ISA_USAGE = YES_ERROR;
				CLANG_WARN_DOCUMENTATION_COMMENTS = YES;
				CLANG_WARN_EMPTY_BODY = YES;
				CLANG_WARN_ENUM_CONVERSION = YES;
				CLANG_WARN_INFINITE_RECURSION = YES;
				CLANG_WARN_INT_CONVERSION = YES;
				CLANG_WARN_NON_LITERAL_NULL_CONVERSION = YES;
				CLANG_WARN_OBJC_IMPLICIT_RETAIN_SELF = YES;
				CLANG_WARN_OBJC_LITERAL_CONVERSION = YES;
				CLANG_WARN_OBJC_ROOT_CLASS = YES_ERROR;
				CLANG_WARN_QUOTED_INCLUDE_IN_FRAMEWORK_HEADER = YES;
				CLANG_WARN_RANGE_LOOP_ANALYSIS = YES;
				CLANG_WARN_STRICT_PROTOTYPES = YES;
				CLANG_WARN_SUSPICIOUS_MOVE = YES;
				CLANG_WARN_UNGUARDED_AVAILABILITY = YES_AGGRESSIVE;
				CLANG_WARN_UNREACHABLE_CODE = YES;
				CLANG_WARN__DUPLICATE_METHOD_MATCH = YES;
				COPY_PHASE_STRIP = NO;
				DEBUG_INFORMATION_FORMAT = dwarf;
				ENABLE_STRICT_OBJC_MSGSEND = YES;
				ENABLE_TESTABILITY = YES;
				GCC_C_LANGUAGE_STANDARD = gnu11;
				GCC_DYNAMIC_NO_PIC = NO;
				GCC_NO_COMMON_BLOCKS = YES;
				GCC_OPTIMIZATION_LEVEL = 0;
				GCC_PREPROCESSOR_DEFINITIONS = (
					"DEBUG=1",
					"$(inherited)",
				);
				GCC_WARN_64_TO_32_BIT_CONVERSION = YES;
				GCC_WARN_ABOUT_RETURN_TYPE = YES_ERROR;
				GCC_WARN_UNDECLARED_SELECTOR = YES;
				GCC_WARN_UNINITIALIZED_AUTOS = YES_AGGRESSIVE;
				GCC_WARN_UNUSED_FUNCTION = YES;
				GCC_WARN_UNUSED_VARIABLE = YES;
				MTL_ENABLE_DEBUG_INFO = INCLUDE_SOURCE;
				MTL_FAST_MATH = YES;
				ONLY_ACTIVE_ARCH = YES;
				SWIFT_ACTIVE_COMPILATION_CONDITIONS = DEBUG;
				SWIFT_OPTIMIZATION_LEVEL = "-Onone";
			};
			name = Debug;
		};
		A560AF532B2322370034A50F /* Release */ = {
			isa = XCBuildConfiguration;
			buildSettings = {
				ALWAYS_SEARCH_USER_PATHS = NO;
				CLANG_ANALYZER_NONNULL = YES;
				CLANG_ANALYZER_NUMBER_OBJECT_CONVERSION = YES_AGGRESSIVE;
				CLANG_CXX_LANGUAGE_STANDARD = "gnu++20";
				CLANG_ENABLE_MODULES = YES;
				CLANG_ENABLE_OBJC_ARC = YES;
				CLANG_ENABLE_OBJC_WEAK = YES;
				CLANG_WARN_BLOCK_CAPTURE_AUTORELEASING = YES;
				CLANG_WARN_BOOL_CONVERSION = YES;
				CLANG_WARN_COMMA = YES;
				CLANG_WARN_CONSTANT_CONVERSION = YES;
				CLANG_WARN_DEPRECATED_OBJC_IMPLEMENTATIONS = YES;
				CLANG_WARN_DIRECT_OBJC_ISA_USAGE = YES_ERROR;
				CLANG_WARN_DOCUMENTATION_COMMENTS = YES;
				CLANG_WARN_EMPTY_BODY = YES;
				CLANG_WARN_ENUM_CONVERSION = YES;
				CLANG_WARN_INFINITE_RECURSION = YES;
				CLANG_WARN_INT_CONVERSION = YES;
				CLANG_WARN_NON_LITERAL_NULL_CONVERSION = YES;
				CLANG_WARN_OBJC_IMPLICIT_RETAIN_SELF = YES;
				CLANG_WARN_OBJC_LITERAL_CONVERSION = YES;
				CLANG_WARN_OBJC_ROOT_CLASS = YES_ERROR;
				CLANG_WARN_QUOTED_INCLUDE_IN_FRAMEWORK_HEADER = YES;
				CLANG_WARN_RANGE_LOOP_ANALYSIS = YES;
				CLANG_WARN_STRICT_PROTOTYPES = YES;
				CLANG_WARN_SUSPICIOUS_MOVE = YES;
				CLANG_WARN_UNGUARDED_AVAILABILITY = YES_AGGRESSIVE;
				CLANG_WARN_UNREACHABLE_CODE = YES;
				CLANG_WARN__DUPLICATE_METHOD_MATCH = YES;
				COPY_PHASE_STRIP = NO;
				DEBUG_INFORMATION_FORMAT = "dwarf-with-dsym";
				ENABLE_NS_ASSERTIONS = NO;
				ENABLE_STRICT_OBJC_MSGSEND = YES;
				GCC_C_LANGUAGE_STANDARD = gnu11;
				GCC_NO_COMMON_BLOCKS = YES;
				GCC_WARN_64_TO_32_BIT_CONVERSION = YES;
				GCC_WARN_ABOUT_RETURN_TYPE = YES_ERROR;
				GCC_WARN_UNDECLARED_SELECTOR = YES;
				GCC_WARN_UNINITIALIZED_AUTOS = YES_AGGRESSIVE;
				GCC_WARN_UNUSED_FUNCTION = YES;
				GCC_WARN_UNUSED_VARIABLE = YES;
				MTL_ENABLE_DEBUG_INFO = NO;
				MTL_FAST_MATH = YES;
				SWIFT_COMPILATION_MODE = wholemodule;
				SWIFT_OPTIMIZATION_LEVEL = "-O";
			};
			name = Release;
		};
		A560AF552B2322370034A50F /* Debug */ = {
			isa = XCBuildConfiguration;
			buildSettings = {
				ASSETCATALOG_COMPILER_APPICON_NAME = AppIcon;
				ASSETCATALOG_COMPILER_GLOBAL_ACCENT_COLOR_NAME = AccentColor;
				CODE_SIGN_ENTITLEMENTS = BioAuth/BioAuth.entitlements;
				CODE_SIGN_STYLE = Automatic;
				CURRENT_PROJECT_VERSION = 1;
				DEVELOPMENT_ASSET_PATHS = "\"BioAuth/Preview Content\"";
				ENABLE_PREVIEWS = YES;
				GENERATE_INFOPLIST_FILE = YES;
				INFOPLIST_KEY_NSFaceIDUsageDescription = "We use this to unlock the phone";
				"INFOPLIST_KEY_UIApplicationSceneManifest_Generation[sdk=iphoneos*]" = YES;
				"INFOPLIST_KEY_UIApplicationSceneManifest_Generation[sdk=iphonesimulator*]" = YES;
				"INFOPLIST_KEY_UIApplicationSupportsIndirectInputEvents[sdk=iphoneos*]" = YES;
				"INFOPLIST_KEY_UIApplicationSupportsIndirectInputEvents[sdk=iphonesimulator*]" = YES;
				"INFOPLIST_KEY_UILaunchScreen_Generation[sdk=iphoneos*]" = YES;
				"INFOPLIST_KEY_UILaunchScreen_Generation[sdk=iphonesimulator*]" = YES;
				"INFOPLIST_KEY_UIStatusBarStyle[sdk=iphoneos*]" = UIStatusBarStyleDefault;
				"INFOPLIST_KEY_UIStatusBarStyle[sdk=iphonesimulator*]" = UIStatusBarStyleDefault;
				INFOPLIST_KEY_UISupportedInterfaceOrientations_iPad = "UIInterfaceOrientationPortrait UIInterfaceOrientationPortraitUpsideDown UIInterfaceOrientationLandscapeLeft UIInterfaceOrientationLandscapeRight";
				INFOPLIST_KEY_UISupportedInterfaceOrientations_iPhone = "UIInterfaceOrientationPortrait UIInterfaceOrientationLandscapeLeft UIInterfaceOrientationLandscapeRight";
				IPHONEOS_DEPLOYMENT_TARGET = 16.1;
				LD_RUNPATH_SEARCH_PATHS = "@executable_path/Frameworks";
				"LD_RUNPATH_SEARCH_PATHS[sdk=macosx*]" = "@executable_path/../Frameworks";
				MACOSX_DEPLOYMENT_TARGET = 13.0;
				MARKETING_VERSION = 1.0;
				PRODUCT_BUNDLE_IDENTIFIER = fhjoanneum.baumgartnernatascha.BioAuth;
				PRODUCT_NAME = "$(TARGET_NAME)";
				SDKROOT = auto;
				SUPPORTED_PLATFORMS = "iphoneos iphonesimulator macosx";
				SWIFT_EMIT_LOC_STRINGS = YES;
				SWIFT_VERSION = 5.0;
				TARGETED_DEVICE_FAMILY = "1,2";
			};
			name = Debug;
		};
		A560AF562B2322370034A50F /* Release */ = {
			isa = XCBuildConfiguration;
			buildSettings = {
				ASSETCATALOG_COMPILER_APPICON_NAME = AppIcon;
				ASSETCATALOG_COMPILER_GLOBAL_ACCENT_COLOR_NAME = AccentColor;
				CODE_SIGN_ENTITLEMENTS = BioAuth/BioAuth.entitlements;
				CODE_SIGN_STYLE = Automatic;
				CURRENT_PROJECT_VERSION = 1;
				DEVELOPMENT_ASSET_PATHS = "\"BioAuth/Preview Content\"";
				ENABLE_PREVIEWS = YES;
				GENERATE_INFOPLIST_FILE = YES;
				INFOPLIST_KEY_NSFaceIDUsageDescription = "We use this to unlock the phone";
				"INFOPLIST_KEY_UIApplicationSceneManifest_Generation[sdk=iphoneos*]" = YES;
				"INFOPLIST_KEY_UIApplicationSceneManifest_Generation[sdk=iphonesimulator*]" = YES;
				"INFOPLIST_KEY_UIApplicationSupportsIndirectInputEvents[sdk=iphoneos*]" = YES;
				"INFOPLIST_KEY_UIApplicationSupportsIndirectInputEvents[sdk=iphonesimulator*]" = YES;
				"INFOPLIST_KEY_UILaunchScreen_Generation[sdk=iphoneos*]" = YES;
				"INFOPLIST_KEY_UILaunchScreen_Generation[sdk=iphonesimulator*]" = YES;
				"INFOPLIST_KEY_UIStatusBarStyle[sdk=iphoneos*]" = UIStatusBarStyleDefault;
				"INFOPLIST_KEY_UIStatusBarStyle[sdk=iphonesimulator*]" = UIStatusBarStyleDefault;
				INFOPLIST_KEY_UISupportedInterfaceOrientations_iPad = "UIInterfaceOrientationPortrait UIInterfaceOrientationPortraitUpsideDown UIInterfaceOrientationLandscapeLeft UIInterfaceOrientationLandscapeRight";
				INFOPLIST_KEY_UISupportedInterfaceOrientations_iPhone = "UIInterfaceOrientationPortrait UIInterfaceOrientationLandscapeLeft UIInterfaceOrientationLandscapeRight";
				IPHONEOS_DEPLOYMENT_TARGET = 16.1;
				LD_RUNPATH_SEARCH_PATHS = "@executable_path/Frameworks";
				"LD_RUNPATH_SEARCH_PATHS[sdk=macosx*]" = "@executable_path/../Frameworks";
				MACOSX_DEPLOYMENT_TARGET = 13.0;
				MARKETING_VERSION = 1.0;
				PRODUCT_BUNDLE_IDENTIFIER = fhjoanneum.baumgartnernatascha.BioAuth;
				PRODUCT_NAME = "$(TARGET_NAME)";
				SDKROOT = auto;
				SUPPORTED_PLATFORMS = "iphoneos iphonesimulator macosx";
				SWIFT_EMIT_LOC_STRINGS = YES;
				SWIFT_VERSION = 5.0;
				TARGETED_DEVICE_FAMILY = "1,2";
			};
			name = Release;
		};
		A560AF582B2322370034A50F /* Debug */ = {
			isa = XCBuildConfiguration;
			buildSettings = {
				ALWAYS_EMBED_SWIFT_STANDARD_LIBRARIES = YES;
				BUNDLE_LOADER = "$(TEST_HOST)";
				CODE_SIGN_STYLE = Automatic;
				CURRENT_PROJECT_VERSION = 1;
				GENERATE_INFOPLIST_FILE = YES;
				IPHONEOS_DEPLOYMENT_TARGET = 16.1;
				MACOSX_DEPLOYMENT_TARGET = 13.0;
				MARKETING_VERSION = 1.0;
				PRODUCT_BUNDLE_IDENTIFIER = fhjoanneum.baumgartnernatascha.BioAuthTests;
				PRODUCT_NAME = "$(TARGET_NAME)";
				SDKROOT = auto;
				SUPPORTED_PLATFORMS = "iphoneos iphonesimulator macosx";
				SWIFT_EMIT_LOC_STRINGS = NO;
				SWIFT_VERSION = 5.0;
				TARGETED_DEVICE_FAMILY = "1,2";
				TEST_HOST = "$(BUILT_PRODUCTS_DIR)/BioAuth.app/$(BUNDLE_EXECUTABLE_FOLDER_PATH)/BioAuth";
			};
			name = Debug;
		};
		A560AF592B2322370034A50F /* Release */ = {
			isa = XCBuildConfiguration;
			buildSettings = {
				ALWAYS_EMBED_SWIFT_STANDARD_LIBRARIES = YES;
				BUNDLE_LOADER = "$(TEST_HOST)";
				CODE_SIGN_STYLE = Automatic;
				CURRENT_PROJECT_VERSION = 1;
				GENERATE_INFOPLIST_FILE = YES;
				IPHONEOS_DEPLOYMENT_TARGET = 16.1;
				MACOSX_DEPLOYMENT_TARGET = 13.0;
				MARKETING_VERSION = 1.0;
				PRODUCT_BUNDLE_IDENTIFIER = fhjoanneum.baumgartnernatascha.BioAuthTests;
				PRODUCT_NAME = "$(TARGET_NAME)";
				SDKROOT = auto;
				SUPPORTED_PLATFORMS = "iphoneos iphonesimulator macosx";
				SWIFT_EMIT_LOC_STRINGS = NO;
				SWIFT_VERSION = 5.0;
				TARGETED_DEVICE_FAMILY = "1,2";
				TEST_HOST = "$(BUILT_PRODUCTS_DIR)/BioAuth.app/$(BUNDLE_EXECUTABLE_FOLDER_PATH)/BioAuth";
			};
			name = Release;
		};
		A560AF5B2B2322370034A50F /* Debug */ = {
			isa = XCBuildConfiguration;
			buildSettings = {
				ALWAYS_EMBED_SWIFT_STANDARD_LIBRARIES = YES;
				CODE_SIGN_STYLE = Automatic;
				CURRENT_PROJECT_VERSION = 1;
				GENERATE_INFOPLIST_FILE = YES;
				IPHONEOS_DEPLOYMENT_TARGET = 16.1;
				MACOSX_DEPLOYMENT_TARGET = 13.0;
				MARKETING_VERSION = 1.0;
				PRODUCT_BUNDLE_IDENTIFIER = fhjoanneum.baumgartnernatascha.BioAuthUITests;
				PRODUCT_NAME = "$(TARGET_NAME)";
				SDKROOT = auto;
				SUPPORTED_PLATFORMS = "iphoneos iphonesimulator macosx";
				SWIFT_EMIT_LOC_STRINGS = NO;
				SWIFT_VERSION = 5.0;
				TARGETED_DEVICE_FAMILY = "1,2";
				TEST_TARGET_NAME = BioAuth;
			};
			name = Debug;
		};
		A560AF5C2B2322370034A50F /* Release */ = {
			isa = XCBuildConfiguration;
			buildSettings = {
				ALWAYS_EMBED_SWIFT_STANDARD_LIBRARIES = YES;
				CODE_SIGN_STYLE = Automatic;
				CURRENT_PROJECT_VERSION = 1;
				GENERATE_INFOPLIST_FILE = YES;
				IPHONEOS_DEPLOYMENT_TARGET = 16.1;
				MACOSX_DEPLOYMENT_TARGET = 13.0;
				MARKETING_VERSION = 1.0;
				PRODUCT_BUNDLE_IDENTIFIER = fhjoanneum.baumgartnernatascha.BioAuthUITests;
				PRODUCT_NAME = "$(TARGET_NAME)";
				SDKROOT = auto;
				SUPPORTED_PLATFORMS = "iphoneos iphonesimulator macosx";
				SWIFT_EMIT_LOC_STRINGS = NO;
				SWIFT_VERSION = 5.0;
				TARGETED_DEVICE_FAMILY = "1,2";
				TEST_TARGET_NAME = BioAuth;
			};
			name = Release;
		};
/* End XCBuildConfiguration section */

/* Begin XCConfigurationList section */
		A560AF2A2B2322360034A50F /* Build configuration list for PBXProject "BioAuth" */ = {
			isa = XCConfigurationList;
			buildConfigurations = (
				A560AF522B2322370034A50F /* Debug */,
				A560AF532B2322370034A50F /* Release */,
			);
			defaultConfigurationIsVisible = 0;
			defaultConfigurationName = Release;
		};
		A560AF542B2322370034A50F /* Build configuration list for PBXNativeTarget "BioAuth" */ = {
			isa = XCConfigurationList;
			buildConfigurations = (
				A560AF552B2322370034A50F /* Debug */,
				A560AF562B2322370034A50F /* Release */,
			);
			defaultConfigurationIsVisible = 0;
			defaultConfigurationName = Release;
		};
		A560AF572B2322370034A50F /* Build configuration list for PBXNativeTarget "BioAuthTests" */ = {
			isa = XCConfigurationList;
			buildConfigurations = (
				A560AF582B2322370034A50F /* Debug */,
				A560AF592B2322370034A50F /* Release */,
			);
			defaultConfigurationIsVisible = 0;
			defaultConfigurationName = Release;
		};
		A560AF5A2B2322370034A50F /* Build configuration list for PBXNativeTarget "BioAuthUITests" */ = {
			isa = XCConfigurationList;
			buildConfigurations = (
				A560AF5B2B2322370034A50F /* Debug */,
				A560AF5C2B2322370034A50F /* Release */,
			);
			defaultConfigurationIsVisible = 0;
			defaultConfigurationName = Release;
		};
/* End XCConfigurationList section */
	};
	rootObject = A560AF272B2322360034A50F /* Project object */;
}
